// !$*UTF8*$!
{
	archiveVersion = 1;
	classes = {
	};
	objectVersion = 55;
	objects = {

/* Begin PBXBuildFile section */
		763A8A82BE6124EC398DAB7E /* Pods_Voio_Test.framework in Frameworks */ = {isa = PBXBuildFile; fileRef = 08A3F1AD9CB08890FF90CF6A /* Pods_Voio_Test.framework */; };
		EE0F2E0829A7AB39001F4043 /* FirstScreenViewController.swift in Sources */ = {isa = PBXBuildFile; fileRef = EE0F2E0729A7AB39001F4043 /* FirstScreenViewController.swift */; };
		EE42646729B4C8F9000BC4B8 /* RegistrationWithGoogleModule.swift in Sources */ = {isa = PBXBuildFile; fileRef = EE42646629B4C8F9000BC4B8 /* RegistrationWithGoogleModule.swift */; };
		EE485DCB290FFBB1004FAB25 /* SoundExtension.swift in Sources */ = {isa = PBXBuildFile; fileRef = EE485DCA290FFBB1004FAB25 /* SoundExtension.swift */; };
		EE7C000028F95715003C9158 /* GalleryCollectionViewCell.swift in Sources */ = {isa = PBXBuildFile; fileRef = EE7CFFFF28F95714003C9158 /* GalleryCollectionViewCell.swift */; };
		EE81C79A28F85D6000BF3A85 /* GoogleService-Info.plist in Resources */ = {isa = PBXBuildFile; fileRef = EE81C79928F85D6000BF3A85 /* GoogleService-Info.plist */; };
		EE880C8928FC45450030C91B /* PlaylistlItem.swift in Sources */ = {isa = PBXBuildFile; fileRef = EE880C8828FC45450030C91B /* PlaylistlItem.swift */; };
		EEB4493A29AB4DFD00E41F6E /* SearchScreenModule.swift in Sources */ = {isa = PBXBuildFile; fileRef = EEB4493929AB4DFD00E41F6E /* SearchScreenModule.swift */; };
		EEB4493C29AB4E2000E41F6E /* SearchScreenModel.swift in Sources */ = {isa = PBXBuildFile; fileRef = EEB4493B29AB4E2000E41F6E /* SearchScreenModel.swift */; };
		EEB4493E29AB4E3000E41F6E /* SearchScreenViewModel.swift in Sources */ = {isa = PBXBuildFile; fileRef = EEB4493D29AB4E3000E41F6E /* SearchScreenViewModel.swift */; };
		EEB4494029AB4E4000E41F6E /* SearchScreenViewController.swift in Sources */ = {isa = PBXBuildFile; fileRef = EEB4493F29AB4E4000E41F6E /* SearchScreenViewController.swift */; };
		EEB5E6F728F3454100F2803E /* HomeScreenCollectionViewCell.swift in Sources */ = {isa = PBXBuildFile; fileRef = EEB5E6F628F3454100F2803E /* HomeScreenCollectionViewCell.swift */; };
		EEBE6302290DAC7800EA49FD /* HeaderCollectionReusableView.swift in Sources */ = {isa = PBXBuildFile; fileRef = EEBE6301290DAC7800EA49FD /* HeaderCollectionReusableView.swift */; };
		EEBE6304290DCAFE00EA49FD /* SecondCollectionViewCell.swift in Sources */ = {isa = PBXBuildFile; fileRef = EEBE6303290DCAFE00EA49FD /* SecondCollectionViewCell.swift */; };
		EEBE6306290E838F00EA49FD /* ThirdCollectionViewCell.swift in Sources */ = {isa = PBXBuildFile; fileRef = EEBE6305290E838F00EA49FD /* ThirdCollectionViewCell.swift */; };
		EEBE6309290EBB7C00EA49FD /* PlayerScreenModule.swift in Sources */ = {isa = PBXBuildFile; fileRef = EEBE6308290EBB7C00EA49FD /* PlayerScreenModule.swift */; };
		EEBE630B290EBB9400EA49FD /* PlayerScreenModel.swift in Sources */ = {isa = PBXBuildFile; fileRef = EEBE630A290EBB9400EA49FD /* PlayerScreenModel.swift */; };
		EEBE630D290EBBA800EA49FD /* PlayerScreenViewModel.swift in Sources */ = {isa = PBXBuildFile; fileRef = EEBE630C290EBBA800EA49FD /* PlayerScreenViewModel.swift */; };
		EEBE630F290EBBBB00EA49FD /* PlayerScreenViewController.swift in Sources */ = {isa = PBXBuildFile; fileRef = EEBE630E290EBBBB00EA49FD /* PlayerScreenViewController.swift */; };
		EEC4B36728F1E9F0008BBD8C /* AppDelegate.swift in Sources */ = {isa = PBXBuildFile; fileRef = EEC4B36628F1E9F0008BBD8C /* AppDelegate.swift */; };
		EEC4B36928F1E9F0008BBD8C /* SceneDelegate.swift in Sources */ = {isa = PBXBuildFile; fileRef = EEC4B36828F1E9F0008BBD8C /* SceneDelegate.swift */; };
		EEC4B36B28F1E9F0008BBD8C /* HomeScreenViewController.swift in Sources */ = {isa = PBXBuildFile; fileRef = EEC4B36A28F1E9F0008BBD8C /* HomeScreenViewController.swift */; };
		EEC4B37028F1E9F3008BBD8C /* Assets.xcassets in Resources */ = {isa = PBXBuildFile; fileRef = EEC4B36F28F1E9F3008BBD8C /* Assets.xcassets */; };
		EEC4B37328F1E9F3008BBD8C /* LaunchScreen.storyboard in Resources */ = {isa = PBXBuildFile; fileRef = EEC4B37128F1E9F3008BBD8C /* LaunchScreen.storyboard */; };
		EEC4B37C28F1EB7B008BBD8C /* HomeScreenModule.swift in Sources */ = {isa = PBXBuildFile; fileRef = EEC4B37B28F1EB7B008BBD8C /* HomeScreenModule.swift */; };
		EEC4B37E28F1EB8C008BBD8C /* HomeScreenModel.swift in Sources */ = {isa = PBXBuildFile; fileRef = EEC4B37D28F1EB8C008BBD8C /* HomeScreenModel.swift */; };
		EEC4B38028F1EBA0008BBD8C /* HomeScreenViewModel.swift in Sources */ = {isa = PBXBuildFile; fileRef = EEC4B37F28F1EBA0008BBD8C /* HomeScreenViewModel.swift */; };
		EEC4B38528F1FD0C008BBD8C /* UIColorExtension.swift in Sources */ = {isa = PBXBuildFile; fileRef = EEC4B38428F1FD0C008BBD8C /* UIColorExtension.swift */; };
		EEE3098E29B1E6D600F181A1 /* FirstScreenViewModel.swift in Sources */ = {isa = PBXBuildFile; fileRef = EEE3098D29B1E6D600F181A1 /* FirstScreenViewModel.swift */; };
		EEE3099029B1E70300F181A1 /* FirstScreenModel.swift in Sources */ = {isa = PBXBuildFile; fileRef = EEE3098F29B1E70300F181A1 /* FirstScreenModel.swift */; };
		EEE3099229B1E71600F181A1 /* FirstScreenModule.swift in Sources */ = {isa = PBXBuildFile; fileRef = EEE3099129B1E71600F181A1 /* FirstScreenModule.swift */; };
		EEE3099A29B32DF000F181A1 /* Poppins-Bold.ttf in Resources */ = {isa = PBXBuildFile; fileRef = EEE3099929B32DF000F181A1 /* Poppins-Bold.ttf */; };
		EEE3099C29B32E0100F181A1 /* Poppins-Thin.ttf in Resources */ = {isa = PBXBuildFile; fileRef = EEE3099B29B32E0100F181A1 /* Poppins-Thin.ttf */; };
		EEE3099E29B32E0C00F181A1 /* Poppins-ExtraLight.ttf in Resources */ = {isa = PBXBuildFile; fileRef = EEE3099D29B32E0C00F181A1 /* Poppins-ExtraLight.ttf */; };
		EEE309A029B32E2000F181A1 /* Poppins-Regular.ttf in Resources */ = {isa = PBXBuildFile; fileRef = EEE3099F29B32E2000F181A1 /* Poppins-Regular.ttf */; };
		EEE309A229B3A58100F181A1 /* FredokaOne-Regular.ttf in Resources */ = {isa = PBXBuildFile; fileRef = EEE309A129B3A58100F181A1 /* FredokaOne-Regular.ttf */; };
/* End PBXBuildFile section */

/* Begin PBXFileReference section */
		08A3F1AD9CB08890FF90CF6A /* Pods_Voio_Test.framework */ = {isa = PBXFileReference; explicitFileType = wrapper.framework; includeInIndex = 0; path = Pods_Voio_Test.framework; sourceTree = BUILT_PRODUCTS_DIR; };
		636220453EBBF9B6B6F6985D /* Pods-Voio_Test.debug.xcconfig */ = {isa = PBXFileReference; includeInIndex = 1; lastKnownFileType = text.xcconfig; name = "Pods-Voio_Test.debug.xcconfig"; path = "Target Support Files/Pods-Voio_Test/Pods-Voio_Test.debug.xcconfig"; sourceTree = "<group>"; };
		CBD3542FA29DB82094F484AC /* Pods-Voio_Test.release.xcconfig */ = {isa = PBXFileReference; includeInIndex = 1; lastKnownFileType = text.xcconfig; name = "Pods-Voio_Test.release.xcconfig"; path = "Target Support Files/Pods-Voio_Test/Pods-Voio_Test.release.xcconfig"; sourceTree = "<group>"; };
		EE0F2E0729A7AB39001F4043 /* FirstScreenViewController.swift */ = {isa = PBXFileReference; lastKnownFileType = sourcecode.swift; path = FirstScreenViewController.swift; sourceTree = "<group>"; };
		EE42646629B4C8F9000BC4B8 /* RegistrationWithGoogleModule.swift */ = {isa = PBXFileReference; lastKnownFileType = sourcecode.swift; path = RegistrationWithGoogleModule.swift; sourceTree = "<group>"; };
		EE485DCA290FFBB1004FAB25 /* SoundExtension.swift */ = {isa = PBXFileReference; lastKnownFileType = sourcecode.swift; path = SoundExtension.swift; sourceTree = "<group>"; };
		EE7CFFFF28F95714003C9158 /* GalleryCollectionViewCell.swift */ = {isa = PBXFileReference; lastKnownFileType = sourcecode.swift; path = GalleryCollectionViewCell.swift; sourceTree = "<group>"; };
		EE81C79928F85D6000BF3A85 /* GoogleService-Info.plist */ = {isa = PBXFileReference; fileEncoding = 4; lastKnownFileType = text.plist.xml; path = "GoogleService-Info.plist"; sourceTree = "<group>"; };
		EE880C8828FC45450030C91B /* PlaylistlItem.swift */ = {isa = PBXFileReference; lastKnownFileType = sourcecode.swift; path = PlaylistlItem.swift; sourceTree = "<group>"; };
		EEB4493929AB4DFD00E41F6E /* SearchScreenModule.swift */ = {isa = PBXFileReference; lastKnownFileType = sourcecode.swift; path = SearchScreenModule.swift; sourceTree = "<group>"; };
		EEB4493B29AB4E2000E41F6E /* SearchScreenModel.swift */ = {isa = PBXFileReference; lastKnownFileType = sourcecode.swift; path = SearchScreenModel.swift; sourceTree = "<group>"; };
		EEB4493D29AB4E3000E41F6E /* SearchScreenViewModel.swift */ = {isa = PBXFileReference; lastKnownFileType = sourcecode.swift; path = SearchScreenViewModel.swift; sourceTree = "<group>"; };
		EEB4493F29AB4E4000E41F6E /* SearchScreenViewController.swift */ = {isa = PBXFileReference; lastKnownFileType = sourcecode.swift; path = SearchScreenViewController.swift; sourceTree = "<group>"; };
		EEB5E6F628F3454100F2803E /* HomeScreenCollectionViewCell.swift */ = {isa = PBXFileReference; lastKnownFileType = sourcecode.swift; path = HomeScreenCollectionViewCell.swift; sourceTree = "<group>"; };
		EEBE6301290DAC7800EA49FD /* HeaderCollectionReusableView.swift */ = {isa = PBXFileReference; lastKnownFileType = sourcecode.swift; path = HeaderCollectionReusableView.swift; sourceTree = "<group>"; };
		EEBE6303290DCAFE00EA49FD /* SecondCollectionViewCell.swift */ = {isa = PBXFileReference; lastKnownFileType = sourcecode.swift; path = SecondCollectionViewCell.swift; sourceTree = "<group>"; };
		EEBE6305290E838F00EA49FD /* ThirdCollectionViewCell.swift */ = {isa = PBXFileReference; lastKnownFileType = sourcecode.swift; path = ThirdCollectionViewCell.swift; sourceTree = "<group>"; };
		EEBE6308290EBB7C00EA49FD /* PlayerScreenModule.swift */ = {isa = PBXFileReference; lastKnownFileType = sourcecode.swift; path = PlayerScreenModule.swift; sourceTree = "<group>"; };
		EEBE630A290EBB9400EA49FD /* PlayerScreenModel.swift */ = {isa = PBXFileReference; lastKnownFileType = sourcecode.swift; path = PlayerScreenModel.swift; sourceTree = "<group>"; };
		EEBE630C290EBBA800EA49FD /* PlayerScreenViewModel.swift */ = {isa = PBXFileReference; lastKnownFileType = sourcecode.swift; path = PlayerScreenViewModel.swift; sourceTree = "<group>"; };
		EEBE630E290EBBBB00EA49FD /* PlayerScreenViewController.swift */ = {isa = PBXFileReference; lastKnownFileType = sourcecode.swift; path = PlayerScreenViewController.swift; sourceTree = "<group>"; };
		EEC4B36328F1E9F0008BBD8C /* Voio_Test.app */ = {isa = PBXFileReference; explicitFileType = wrapper.application; includeInIndex = 0; path = Voio_Test.app; sourceTree = BUILT_PRODUCTS_DIR; };
		EEC4B36628F1E9F0008BBD8C /* AppDelegate.swift */ = {isa = PBXFileReference; lastKnownFileType = sourcecode.swift; path = AppDelegate.swift; sourceTree = "<group>"; };
		EEC4B36828F1E9F0008BBD8C /* SceneDelegate.swift */ = {isa = PBXFileReference; lastKnownFileType = sourcecode.swift; path = SceneDelegate.swift; sourceTree = "<group>"; };
		EEC4B36A28F1E9F0008BBD8C /* HomeScreenViewController.swift */ = {isa = PBXFileReference; lastKnownFileType = sourcecode.swift; path = HomeScreenViewController.swift; sourceTree = "<group>"; };
		EEC4B36F28F1E9F3008BBD8C /* Assets.xcassets */ = {isa = PBXFileReference; lastKnownFileType = folder.assetcatalog; path = Assets.xcassets; sourceTree = "<group>"; };
		EEC4B37228F1E9F3008BBD8C /* Base */ = {isa = PBXFileReference; lastKnownFileType = file.storyboard; name = Base; path = Base.lproj/LaunchScreen.storyboard; sourceTree = "<group>"; };
		EEC4B37428F1E9F3008BBD8C /* Info.plist */ = {isa = PBXFileReference; lastKnownFileType = text.plist.xml; path = Info.plist; sourceTree = "<group>"; };
		EEC4B37B28F1EB7B008BBD8C /* HomeScreenModule.swift */ = {isa = PBXFileReference; lastKnownFileType = sourcecode.swift; path = HomeScreenModule.swift; sourceTree = "<group>"; };
		EEC4B37D28F1EB8C008BBD8C /* HomeScreenModel.swift */ = {isa = PBXFileReference; lastKnownFileType = sourcecode.swift; path = HomeScreenModel.swift; sourceTree = "<group>"; };
		EEC4B37F28F1EBA0008BBD8C /* HomeScreenViewModel.swift */ = {isa = PBXFileReference; lastKnownFileType = sourcecode.swift; path = HomeScreenViewModel.swift; sourceTree = "<group>"; };
		EEC4B38428F1FD0C008BBD8C /* UIColorExtension.swift */ = {isa = PBXFileReference; lastKnownFileType = sourcecode.swift; path = UIColorExtension.swift; sourceTree = "<group>"; };
		EEE3098D29B1E6D600F181A1 /* FirstScreenViewModel.swift */ = {isa = PBXFileReference; lastKnownFileType = sourcecode.swift; path = FirstScreenViewModel.swift; sourceTree = "<group>"; };
		EEE3098F29B1E70300F181A1 /* FirstScreenModel.swift */ = {isa = PBXFileReference; lastKnownFileType = sourcecode.swift; path = FirstScreenModel.swift; sourceTree = "<group>"; };
		EEE3099129B1E71600F181A1 /* FirstScreenModule.swift */ = {isa = PBXFileReference; lastKnownFileType = sourcecode.swift; path = FirstScreenModule.swift; sourceTree = "<group>"; };
		EEE3099929B32DF000F181A1 /* Poppins-Bold.ttf */ = {isa = PBXFileReference; lastKnownFileType = file; path = "Poppins-Bold.ttf"; sourceTree = "<group>"; };
		EEE3099B29B32E0100F181A1 /* Poppins-Thin.ttf */ = {isa = PBXFileReference; lastKnownFileType = file; path = "Poppins-Thin.ttf"; sourceTree = "<group>"; };
		EEE3099D29B32E0C00F181A1 /* Poppins-ExtraLight.ttf */ = {isa = PBXFileReference; lastKnownFileType = file; path = "Poppins-ExtraLight.ttf"; sourceTree = "<group>"; };
		EEE3099F29B32E2000F181A1 /* Poppins-Regular.ttf */ = {isa = PBXFileReference; lastKnownFileType = file; path = "Poppins-Regular.ttf"; sourceTree = "<group>"; };
		EEE309A129B3A58100F181A1 /* FredokaOne-Regular.ttf */ = {isa = PBXFileReference; lastKnownFileType = file; path = "FredokaOne-Regular.ttf"; sourceTree = "<group>"; };
/* End PBXFileReference section */

/* Begin PBXFrameworksBuildPhase section */
		EEC4B36028F1E9EF008BBD8C /* Frameworks */ = {
			isa = PBXFrameworksBuildPhase;
			buildActionMask = 2147483647;
			files = (
				763A8A82BE6124EC398DAB7E /* Pods_Voio_Test.framework in Frameworks */,
			);
			runOnlyForDeploymentPostprocessing = 0;
		};
/* End PBXFrameworksBuildPhase section */

/* Begin PBXGroup section */
		9545701D42D760A17AA2124E /* Pods */ = {
			isa = PBXGroup;
			children = (
				636220453EBBF9B6B6F6985D /* Pods-Voio_Test.debug.xcconfig */,
				CBD3542FA29DB82094F484AC /* Pods-Voio_Test.release.xcconfig */,
			);
			path = Pods;
			sourceTree = "<group>";
		};
		A3F518F7CF3AEA289A6796C4 /* Frameworks */ = {
			isa = PBXGroup;
			children = (
				08A3F1AD9CB08890FF90CF6A /* Pods_Voio_Test.framework */,
			);
			name = Frameworks;
			sourceTree = "<group>";
		};
		EE0F2E0629A7AAE6001F4043 /* FirstScreen */ = {
			isa = PBXGroup;
			children = (
				EE0F2E0729A7AB39001F4043 /* FirstScreenViewController.swift */,
				EEE3098D29B1E6D600F181A1 /* FirstScreenViewModel.swift */,
				EEE3098F29B1E70300F181A1 /* FirstScreenModel.swift */,
				EEE3099129B1E71600F181A1 /* FirstScreenModule.swift */,
			);
			path = FirstScreen;
			sourceTree = "<group>";
		};
		EE42646529B4C8CC000BC4B8 /* RegistrationWithGoogle */ = {
			isa = PBXGroup;
			children = (
				EE42646629B4C8F9000BC4B8 /* RegistrationWithGoogleModule.swift */,
			);
			path = RegistrationWithGoogle;
			sourceTree = "<group>";
		};
		EEB4493829AB4DD600E41F6E /* SearchScreen */ = {
			isa = PBXGroup;
			children = (
				EEB4493F29AB4E4000E41F6E /* SearchScreenViewController.swift */,
				EEB4493D29AB4E3000E41F6E /* SearchScreenViewModel.swift */,
				EEB4493B29AB4E2000E41F6E /* SearchScreenModel.swift */,
				EEB4493929AB4DFD00E41F6E /* SearchScreenModule.swift */,
			);
			path = SearchScreen;
			sourceTree = "<group>";
		};
		EEB5E6F528F3450C00F2803E /* Views */ = {
			isa = PBXGroup;
			children = (
				EE7CFFFF28F95714003C9158 /* GalleryCollectionViewCell.swift */,
				EEBE6303290DCAFE00EA49FD /* SecondCollectionViewCell.swift */,
				EEBE6305290E838F00EA49FD /* ThirdCollectionViewCell.swift */,
				EEB5E6F628F3454100F2803E /* HomeScreenCollectionViewCell.swift */,
				EEBE6301290DAC7800EA49FD /* HeaderCollectionReusableView.swift */,
			);
			path = Views;
			sourceTree = "<group>";
		};
		EEBE6307290EBAFB00EA49FD /* PlayerScreen */ = {
			isa = PBXGroup;
			children = (
				EEBE630E290EBBBB00EA49FD /* PlayerScreenViewController.swift */,
				EEBE630C290EBBA800EA49FD /* PlayerScreenViewModel.swift */,
				EEBE630A290EBB9400EA49FD /* PlayerScreenModel.swift */,
				EEBE6308290EBB7C00EA49FD /* PlayerScreenModule.swift */,
			);
			path = PlayerScreen;
			sourceTree = "<group>";
		};
		EEC4B35A28F1E9EF008BBD8C = {
			isa = PBXGroup;
			children = (
				EE81C79928F85D6000BF3A85 /* GoogleService-Info.plist */,
				EEC4B36528F1E9F0008BBD8C /* Voio_Test */,
				EEC4B36428F1E9F0008BBD8C /* Products */,
				9545701D42D760A17AA2124E /* Pods */,
				A3F518F7CF3AEA289A6796C4 /* Frameworks */,
			);
			sourceTree = "<group>";
		};
		EEC4B36428F1E9F0008BBD8C /* Products */ = {
			isa = PBXGroup;
			children = (
				EEC4B36328F1E9F0008BBD8C /* Voio_Test.app */,
			);
			name = Products;
			sourceTree = "<group>";
		};
		EEC4B36528F1E9F0008BBD8C /* Voio_Test */ = {
			isa = PBXGroup;
			children = (
				EEC4B36628F1E9F0008BBD8C /* AppDelegate.swift */,
				EEC4B36828F1E9F0008BBD8C /* SceneDelegate.swift */,
				EEE3099829B32DC900F181A1 /* Fonts */,
				EEC4B38328F1FBAD008BBD8C /* Extension */,
				EE42646529B4C8CC000BC4B8 /* RegistrationWithGoogle */,
				EE0F2E0629A7AAE6001F4043 /* FirstScreen */,
				EEC4B37A28F1EB5C008BBD8C /* MainScreen */,
				EEBE6307290EBAFB00EA49FD /* PlayerScreen */,
				EEC4B36F28F1E9F3008BBD8C /* Assets.xcassets */,
				EEC4B37128F1E9F3008BBD8C /* LaunchScreen.storyboard */,
				EEC4B37428F1E9F3008BBD8C /* Info.plist */,
			);
			path = Voio_Test;
			sourceTree = "<group>";
		};
		EEC4B37A28F1EB5C008BBD8C /* MainScreen */ = {
			isa = PBXGroup;
			children = (
				EEB4493829AB4DD600E41F6E /* SearchScreen */,
				EEB5E6F528F3450C00F2803E /* Views */,
				EEC4B36A28F1E9F0008BBD8C /* HomeScreenViewController.swift */,
				EEC4B37F28F1EBA0008BBD8C /* HomeScreenViewModel.swift */,
				EEC4B37D28F1EB8C008BBD8C /* HomeScreenModel.swift */,
				EEC4B37B28F1EB7B008BBD8C /* HomeScreenModule.swift */,
				EE880C8828FC45450030C91B /* PlaylistlItem.swift */,
			);
			path = MainScreen;
			sourceTree = "<group>";
		};
		EEC4B38328F1FBAD008BBD8C /* Extension */ = {
			isa = PBXGroup;
			children = (
				EEC4B38428F1FD0C008BBD8C /* UIColorExtension.swift */,
				EE485DCA290FFBB1004FAB25 /* SoundExtension.swift */,
			);
			path = Extension;
			sourceTree = "<group>";
		};
		EEE3099829B32DC900F181A1 /* Fonts */ = {
			isa = PBXGroup;
			children = (
				EEE3099929B32DF000F181A1 /* Poppins-Bold.ttf */,
				EEE3099B29B32E0100F181A1 /* Poppins-Thin.ttf */,
				EEE3099D29B32E0C00F181A1 /* Poppins-ExtraLight.ttf */,
				EEE3099F29B32E2000F181A1 /* Poppins-Regular.ttf */,
				EEE309A129B3A58100F181A1 /* FredokaOne-Regular.ttf */,
			);
			path = Fonts;
			sourceTree = "<group>";
		};
/* End PBXGroup section */

/* Begin PBXNativeTarget section */
		EEC4B36228F1E9EF008BBD8C /* Voio_Test */ = {
			isa = PBXNativeTarget;
			buildConfigurationList = EEC4B37728F1E9F3008BBD8C /* Build configuration list for PBXNativeTarget "Voio_Test" */;
			buildPhases = (
				6C399309BBD41FBDD5FD83DA /* [CP] Check Pods Manifest.lock */,
				EEC4B35F28F1E9EF008BBD8C /* Sources */,
				EEC4B36028F1E9EF008BBD8C /* Frameworks */,
				EEC4B36128F1E9EF008BBD8C /* Resources */,
				F11B1414A55062E672A0F1BD /* [CP] Embed Pods Frameworks */,
				BCEB4885E59D327352158D55 /* [CP] Copy Pods Resources */,
			);
			buildRules = (
			);
			dependencies = (
			);
			name = Voio_Test;
			productName = Voio_Test;
			productReference = EEC4B36328F1E9F0008BBD8C /* Voio_Test.app */;
			productType = "com.apple.product-type.application";
		};
/* End PBXNativeTarget section */

/* Begin PBXProject section */
		EEC4B35B28F1E9EF008BBD8C /* Project object */ = {
			isa = PBXProject;
			attributes = {
				BuildIndependentTargetsInParallel = 1;
				LastSwiftUpdateCheck = 1320;
				LastUpgradeCheck = 1320;
				TargetAttributes = {
					EEC4B36228F1E9EF008BBD8C = {
						CreatedOnToolsVersion = 13.2.1;
					};
				};
			};
			buildConfigurationList = EEC4B35E28F1E9EF008BBD8C /* Build configuration list for PBXProject "Voio_Test" */;
			compatibilityVersion = "Xcode 13.0";
			developmentRegion = en;
			hasScannedForEncodings = 0;
			knownRegions = (
				en,
				Base,
			);
			mainGroup = EEC4B35A28F1E9EF008BBD8C;
			productRefGroup = EEC4B36428F1E9F0008BBD8C /* Products */;
			projectDirPath = "";
			projectRoot = "";
			targets = (
				EEC4B36228F1E9EF008BBD8C /* Voio_Test */,
			);
		};
/* End PBXProject section */

/* Begin PBXResourcesBuildPhase section */
		EEC4B36128F1E9EF008BBD8C /* Resources */ = {
			isa = PBXResourcesBuildPhase;
			buildActionMask = 2147483647;
			files = (
				EEE3099E29B32E0C00F181A1 /* Poppins-ExtraLight.ttf in Resources */,
				EEC4B37328F1E9F3008BBD8C /* LaunchScreen.storyboard in Resources */,
				EEE309A029B32E2000F181A1 /* Poppins-Regular.ttf in Resources */,
				EE81C79A28F85D6000BF3A85 /* GoogleService-Info.plist in Resources */,
				EEC4B37028F1E9F3008BBD8C /* Assets.xcassets in Resources */,
				EEE3099A29B32DF000F181A1 /* Poppins-Bold.ttf in Resources */,
				EEE3099C29B32E0100F181A1 /* Poppins-Thin.ttf in Resources */,
				EEE309A229B3A58100F181A1 /* FredokaOne-Regular.ttf in Resources */,
			);
			runOnlyForDeploymentPostprocessing = 0;
		};
/* End PBXResourcesBuildPhase section */

/* Begin PBXShellScriptBuildPhase section */
		6C399309BBD41FBDD5FD83DA /* [CP] Check Pods Manifest.lock */ = {
			isa = PBXShellScriptBuildPhase;
			buildActionMask = 2147483647;
			files = (
			);
			inputFileListPaths = (
			);
			inputPaths = (
				"${PODS_PODFILE_DIR_PATH}/Podfile.lock",
				"${PODS_ROOT}/Manifest.lock",
			);
			name = "[CP] Check Pods Manifest.lock";
			outputFileListPaths = (
			);
			outputPaths = (
				"$(DERIVED_FILE_DIR)/Pods-Voio_Test-checkManifestLockResult.txt",
			);
			runOnlyForDeploymentPostprocessing = 0;
			shellPath = /bin/sh;
			shellScript = "diff \"${PODS_PODFILE_DIR_PATH}/Podfile.lock\" \"${PODS_ROOT}/Manifest.lock\" > /dev/null\nif [ $? != 0 ] ; then\n    # print error to STDERR\n    echo \"error: The sandbox is not in sync with the Podfile.lock. Run 'pod install' or update your CocoaPods installation.\" >&2\n    exit 1\nfi\n# This output is used by Xcode 'outputs' to avoid re-running this script phase.\necho \"SUCCESS\" > \"${SCRIPT_OUTPUT_FILE_0}\"\n";
			showEnvVarsInLog = 0;
		};
		BCEB4885E59D327352158D55 /* [CP] Copy Pods Resources */ = {
			isa = PBXShellScriptBuildPhase;
			buildActionMask = 2147483647;
			files = (
			);
			inputFileListPaths = (
				"${PODS_ROOT}/Target Support Files/Pods-Voio_Test/Pods-Voio_Test-resources-${CONFIGURATION}-input-files.xcfilelist",
			);
			name = "[CP] Copy Pods Resources";
			outputFileListPaths = (
				"${PODS_ROOT}/Target Support Files/Pods-Voio_Test/Pods-Voio_Test-resources-${CONFIGURATION}-output-files.xcfilelist",
			);
			runOnlyForDeploymentPostprocessing = 0;
			shellPath = /bin/sh;
			shellScript = "\"${PODS_ROOT}/Target Support Files/Pods-Voio_Test/Pods-Voio_Test-resources.sh\"\n";
			showEnvVarsInLog = 0;
		};
		F11B1414A55062E672A0F1BD /* [CP] Embed Pods Frameworks */ = {
			isa = PBXShellScriptBuildPhase;
			buildActionMask = 2147483647;
			files = (
			);
			inputFileListPaths = (
				"${PODS_ROOT}/Target Support Files/Pods-Voio_Test/Pods-Voio_Test-frameworks-${CONFIGURATION}-input-files.xcfilelist",
			);
			name = "[CP] Embed Pods Frameworks";
			outputFileListPaths = (
				"${PODS_ROOT}/Target Support Files/Pods-Voio_Test/Pods-Voio_Test-frameworks-${CONFIGURATION}-output-files.xcfilelist",
			);
			runOnlyForDeploymentPostprocessing = 0;
			shellPath = /bin/sh;
			shellScript = "\"${PODS_ROOT}/Target Support Files/Pods-Voio_Test/Pods-Voio_Test-frameworks.sh\"\n";
			showEnvVarsInLog = 0;
		};
/* End PBXShellScriptBuildPhase section */

/* Begin PBXSourcesBuildPhase section */
		EEC4B35F28F1E9EF008BBD8C /* Sources */ = {
			isa = PBXSourcesBuildPhase;
			buildActionMask = 2147483647;
			files = (
				EEBE6309290EBB7C00EA49FD /* PlayerScreenModule.swift in Sources */,
				EEC4B37C28F1EB7B008BBD8C /* HomeScreenModule.swift in Sources */,
				EEBE6302290DAC7800EA49FD /* HeaderCollectionReusableView.swift in Sources */,
				EEB4493A29AB4DFD00E41F6E /* SearchScreenModule.swift in Sources */,
				EEB4493E29AB4E3000E41F6E /* SearchScreenViewModel.swift in Sources */,
				EEB5E6F728F3454100F2803E /* HomeScreenCollectionViewCell.swift in Sources */,
				EEB4494029AB4E4000E41F6E /* SearchScreenViewController.swift in Sources */,
				EEC4B38528F1FD0C008BBD8C /* UIColorExtension.swift in Sources */,
				EEBE6306290E838F00EA49FD /* ThirdCollectionViewCell.swift in Sources */,
				EEC4B37E28F1EB8C008BBD8C /* HomeScreenModel.swift in Sources */,
				EE0F2E0829A7AB39001F4043 /* FirstScreenViewController.swift in Sources */,
				EEB4493C29AB4E2000E41F6E /* SearchScreenModel.swift in Sources */,
				EEE3099229B1E71600F181A1 /* FirstScreenModule.swift in Sources */,
				EE880C8928FC45450030C91B /* PlaylistlItem.swift in Sources */,
				EEC4B36B28F1E9F0008BBD8C /* HomeScreenViewController.swift in Sources */,
				EEC4B36728F1E9F0008BBD8C /* AppDelegate.swift in Sources */,
				EE42646729B4C8F9000BC4B8 /* RegistrationWithGoogleModule.swift in Sources */,
				EEBE6304290DCAFE00EA49FD /* SecondCollectionViewCell.swift in Sources */,
				EE485DCB290FFBB1004FAB25 /* SoundExtension.swift in Sources */,
				EEE3098E29B1E6D600F181A1 /* FirstScreenViewModel.swift in Sources */,
				EEBE630B290EBB9400EA49FD /* PlayerScreenModel.swift in Sources */,
				EEBE630F290EBBBB00EA49FD /* PlayerScreenViewController.swift in Sources */,
				EEC4B36928F1E9F0008BBD8C /* SceneDelegate.swift in Sources */,
				EEE3099029B1E70300F181A1 /* FirstScreenModel.swift in Sources */,
				EEC4B38028F1EBA0008BBD8C /* HomeScreenViewModel.swift in Sources */,
				EE7C000028F95715003C9158 /* GalleryCollectionViewCell.swift in Sources */,
				EEBE630D290EBBA800EA49FD /* PlayerScreenViewModel.swift in Sources */,
			);
			runOnlyForDeploymentPostprocessing = 0;
		};
/* End PBXSourcesBuildPhase section */

/* Begin PBXVariantGroup section */
		EEC4B37128F1E9F3008BBD8C /* LaunchScreen.storyboard */ = {
			isa = PBXVariantGroup;
			children = (
				EEC4B37228F1E9F3008BBD8C /* Base */,
			);
			name = LaunchScreen.storyboard;
			sourceTree = "<group>";
		};
/* End PBXVariantGroup section */

/* Begin XCBuildConfiguration section */
		EEC4B37528F1E9F3008BBD8C /* Debug */ = {
			isa = XCBuildConfiguration;
			buildSettings = {
				ALWAYS_SEARCH_USER_PATHS = NO;
				CLANG_ANALYZER_NONNULL = YES;
				CLANG_ANALYZER_NUMBER_OBJECT_CONVERSION = YES_AGGRESSIVE;
				CLANG_CXX_LANGUAGE_STANDARD = "gnu++17";
				CLANG_CXX_LIBRARY = "libc++";
				CLANG_ENABLE_MODULES = YES;
				CLANG_ENABLE_OBJC_ARC = YES;
				CLANG_ENABLE_OBJC_WEAK = YES;
				CLANG_WARN_BLOCK_CAPTURE_AUTORELEASING = YES;
				CLANG_WARN_BOOL_CONVERSION = YES;
				CLANG_WARN_COMMA = YES;
				CLANG_WARN_CONSTANT_CONVERSION = YES;
				CLANG_WARN_DEPRECATED_OBJC_IMPLEMENTATIONS = YES;
				CLANG_WARN_DIRECT_OBJC_ISA_USAGE = YES_ERROR;
				CLANG_WARN_DOCUMENTATION_COMMENTS = YES;
				CLANG_WARN_EMPTY_BODY = YES;
				CLANG_WARN_ENUM_CONVERSION = YES;
				CLANG_WARN_INFINITE_RECURSION = YES;
				CLANG_WARN_INT_CONVERSION = YES;
				CLANG_WARN_NON_LITERAL_NULL_CONVERSION = YES;
				CLANG_WARN_OBJC_IMPLICIT_RETAIN_SELF = YES;
				CLANG_WARN_OBJC_LITERAL_CONVERSION = YES;
				CLANG_WARN_OBJC_ROOT_CLASS = YES_ERROR;
				CLANG_WARN_QUOTED_INCLUDE_IN_FRAMEWORK_HEADER = YES;
				CLANG_WARN_RANGE_LOOP_ANALYSIS = YES;
				CLANG_WARN_STRICT_PROTOTYPES = YES;
				CLANG_WARN_SUSPICIOUS_MOVE = YES;
				CLANG_WARN_UNGUARDED_AVAILABILITY = YES_AGGRESSIVE;
				CLANG_WARN_UNREACHABLE_CODE = YES;
				CLANG_WARN__DUPLICATE_METHOD_MATCH = YES;
				COPY_PHASE_STRIP = NO;
				DEBUG_INFORMATION_FORMAT = dwarf;
				ENABLE_STRICT_OBJC_MSGSEND = YES;
				ENABLE_TESTABILITY = YES;
				GCC_C_LANGUAGE_STANDARD = gnu11;
				GCC_DYNAMIC_NO_PIC = NO;
				GCC_NO_COMMON_BLOCKS = YES;
				GCC_OPTIMIZATION_LEVEL = 0;
				GCC_PREPROCESSOR_DEFINITIONS = (
					"DEBUG=1",
					"$(inherited)",
				);
				GCC_WARN_64_TO_32_BIT_CONVERSION = YES;
				GCC_WARN_ABOUT_RETURN_TYPE = YES_ERROR;
				GCC_WARN_UNDECLARED_SELECTOR = YES;
				GCC_WARN_UNINITIALIZED_AUTOS = YES_AGGRESSIVE;
				GCC_WARN_UNUSED_FUNCTION = YES;
				GCC_WARN_UNUSED_VARIABLE = YES;
				IPHONEOS_DEPLOYMENT_TARGET = 15.2;
				MTL_ENABLE_DEBUG_INFO = INCLUDE_SOURCE;
				MTL_FAST_MATH = YES;
				ONLY_ACTIVE_ARCH = YES;
				SDKROOT = iphoneos;
				SWIFT_ACTIVE_COMPILATION_CONDITIONS = DEBUG;
				SWIFT_OPTIMIZATION_LEVEL = "-Onone";
			};
			name = Debug;
		};
		EEC4B37628F1E9F3008BBD8C /* Release */ = {
			isa = XCBuildConfiguration;
			buildSettings = {
				ALWAYS_SEARCH_USER_PATHS = NO;
				CLANG_ANALYZER_NONNULL = YES;
				CLANG_ANALYZER_NUMBER_OBJECT_CONVERSION = YES_AGGRESSIVE;
				CLANG_CXX_LANGUAGE_STANDARD = "gnu++17";
				CLANG_CXX_LIBRARY = "libc++";
				CLANG_ENABLE_MODULES = YES;
				CLANG_ENABLE_OBJC_ARC = YES;
				CLANG_ENABLE_OBJC_WEAK = YES;
				CLANG_WARN_BLOCK_CAPTURE_AUTORELEASING = YES;
				CLANG_WARN_BOOL_CONVERSION = YES;
				CLANG_WARN_COMMA = YES;
				CLANG_WARN_CONSTANT_CONVERSION = YES;
				CLANG_WARN_DEPRECATED_OBJC_IMPLEMENTATIONS = YES;
				CLANG_WARN_DIRECT_OBJC_ISA_USAGE = YES_ERROR;
				CLANG_WARN_DOCUMENTATION_COMMENTS = YES;
				CLANG_WARN_EMPTY_BODY = YES;
				CLANG_WARN_ENUM_CONVERSION = YES;
				CLANG_WARN_INFINITE_RECURSION = YES;
				CLANG_WARN_INT_CONVERSION = YES;
				CLANG_WARN_NON_LITERAL_NULL_CONVERSION = YES;
				CLANG_WARN_OBJC_IMPLICIT_RETAIN_SELF = YES;
				CLANG_WARN_OBJC_LITERAL_CONVERSION = YES;
				CLANG_WARN_OBJC_ROOT_CLASS = YES_ERROR;
				CLANG_WARN_QUOTED_INCLUDE_IN_FRAMEWORK_HEADER = YES;
				CLANG_WARN_RANGE_LOOP_ANALYSIS = YES;
				CLANG_WARN_STRICT_PROTOTYPES = YES;
				CLANG_WARN_SUSPICIOUS_MOVE = YES;
				CLANG_WARN_UNGUARDED_AVAILABILITY = YES_AGGRESSIVE;
				CLANG_WARN_UNREACHABLE_CODE = YES;
				CLANG_WARN__DUPLICATE_METHOD_MATCH = YES;
				COPY_PHASE_STRIP = NO;
				DEBUG_INFORMATION_FORMAT = "dwarf-with-dsym";
				ENABLE_NS_ASSERTIONS = NO;
				ENABLE_STRICT_OBJC_MSGSEND = YES;
				GCC_C_LANGUAGE_STANDARD = gnu11;
				GCC_NO_COMMON_BLOCKS = YES;
				GCC_WARN_64_TO_32_BIT_CONVERSION = YES;
				GCC_WARN_ABOUT_RETURN_TYPE = YES_ERROR;
				GCC_WARN_UNDECLARED_SELECTOR = YES;
				GCC_WARN_UNINITIALIZED_AUTOS = YES_AGGRESSIVE;
				GCC_WARN_UNUSED_FUNCTION = YES;
				GCC_WARN_UNUSED_VARIABLE = YES;
				IPHONEOS_DEPLOYMENT_TARGET = 15.2;
				MTL_ENABLE_DEBUG_INFO = NO;
				MTL_FAST_MATH = YES;
				SDKROOT = iphoneos;
				SWIFT_COMPILATION_MODE = wholemodule;
				SWIFT_OPTIMIZATION_LEVEL = "-O";
				VALIDATE_PRODUCT = YES;
			};
			name = Release;
		};
		EEC4B37828F1E9F3008BBD8C /* Debug */ = {
			isa = XCBuildConfiguration;
			baseConfigurationReference = 636220453EBBF9B6B6F6985D /* Pods-Voio_Test.debug.xcconfig */;
			buildSettings = {
				ASSETCATALOG_COMPILER_APPICON_NAME = AppIcon;
				ASSETCATALOG_COMPILER_GLOBAL_ACCENT_COLOR_NAME = AccentColor;
				CODE_SIGN_STYLE = Automatic;
				CURRENT_PROJECT_VERSION = 1;
				DEVELOPMENT_TEAM = BB6356MAF8;
				GENERATE_INFOPLIST_FILE = YES;
				INFOPLIST_FILE = Voio_Test/Info.plist;
				INFOPLIST_KEY_UIApplicationSupportsIndirectInputEvents = YES;
				INFOPLIST_KEY_UILaunchStoryboardName = LaunchScreen;
				INFOPLIST_KEY_UISupportedInterfaceOrientations_iPad = "UIInterfaceOrientationPortrait UIInterfaceOrientationPortraitUpsideDown UIInterfaceOrientationLandscapeLeft UIInterfaceOrientationLandscapeRight";
				INFOPLIST_KEY_UISupportedInterfaceOrientations_iPhone = "UIInterfaceOrientationPortrait UIInterfaceOrientationLandscapeLeft UIInterfaceOrientationLandscapeRight";
				LD_RUNPATH_SEARCH_PATHS = (
					"$(inherited)",
					"@executable_path/Frameworks",
				);
				MARKETING_VERSION = 1.0;
				PRODUCT_BUNDLE_IDENTIFIER = "polya.com.Voio-Test";
				PRODUCT_NAME = "$(TARGET_NAME)";
				SWIFT_EMIT_LOC_STRINGS = YES;
				SWIFT_VERSION = 5.0;
				TARGETED_DEVICE_FAMILY = "1,2";
			};
			name = Debug;
		};
		EEC4B37928F1E9F3008BBD8C /* Release */ = {
			isa = XCBuildConfiguration;
			baseConfigurationReference = CBD3542FA29DB82094F484AC /* Pods-Voio_Test.release.xcconfig */;
			buildSettings = {
				ASSETCATALOG_COMPILER_APPICON_NAME = AppIcon;
				ASSETCATALOG_COMPILER_GLOBAL_ACCENT_COLOR_NAME = AccentColor;
				CODE_SIGN_STYLE = Automatic;
				CURRENT_PROJECT_VERSION = 1;
				DEVELOPMENT_TEAM = BB6356MAF8;
				GENERATE_INFOPLIST_FILE = YES;
				INFOPLIST_FILE = Voio_Test/Info.plist;
				INFOPLIST_KEY_UIApplicationSupportsIndirectInputEvents = YES;
				INFOPLIST_KEY_UILaunchStoryboardName = LaunchScreen;
				INFOPLIST_KEY_UISupportedInterfaceOrientations_iPad = "UIInterfaceOrientationPortrait UIInterfaceOrientationPortraitUpsideDown UIInterfaceOrientationLandscapeLeft UIInterfaceOrientationLandscapeRight";
				INFOPLIST_KEY_UISupportedInterfaceOrientations_iPhone = "UIInterfaceOrientationPortrait UIInterfaceOrientationLandscapeLeft UIInterfaceOrientationLandscapeRight";
				LD_RUNPATH_SEARCH_PATHS = (
					"$(inherited)",
					"@executable_path/Frameworks",
				);
				MARKETING_VERSION = 1.0;
				PRODUCT_BUNDLE_IDENTIFIER = "polya.com.Voio-Test";
				PRODUCT_NAME = "$(TARGET_NAME)";
				SWIFT_EMIT_LOC_STRINGS = YES;
				SWIFT_VERSION = 5.0;
				TARGETED_DEVICE_FAMILY = "1,2";
			};
			name = Release;
		};
/* End XCBuildConfiguration section */

/* Begin XCConfigurationList section */
		EEC4B35E28F1E9EF008BBD8C /* Build configuration list for PBXProject "Voio_Test" */ = {
			isa = XCConfigurationList;
			buildConfigurations = (
				EEC4B37528F1E9F3008BBD8C /* Debug */,
				EEC4B37628F1E9F3008BBD8C /* Release */,
			);
			defaultConfigurationIsVisible = 0;
			defaultConfigurationName = Release;
		};
		EEC4B37728F1E9F3008BBD8C /* Build configuration list for PBXNativeTarget "Voio_Test" */ = {
			isa = XCConfigurationList;
			buildConfigurations = (
				EEC4B37828F1E9F3008BBD8C /* Debug */,
				EEC4B37928F1E9F3008BBD8C /* Release */,
			);
			defaultConfigurationIsVisible = 0;
			defaultConfigurationName = Release;
		};
/* End XCConfigurationList section */
	};
	rootObject = EEC4B35B28F1E9EF008BBD8C /* Project object */;
}
